github.com/Clouded-Sabre/rawsocket v0.0.0-20250404144406-bf90fb7a553a h1:OzF62UHbx9je7TxvltC3F6ZsXxyq55bodUYFrN8Ztdw=
github.com/Clouded-Sabre/rawsocket v0.0.0-20250404144406-bf90fb7a553a/go.mod h1:0cAz7wGZi4q4ZGJK5vUhzB6jI+IAiimj+qMxWGZObac=
github.com/Clouded-Sabre/rawsocket v0.0.0-20250421150839-3efdbb3b8a44 h1:tgLgnu3LZvB5SD9KPpaoQ3jUtngN0fiZt8Smp5t9BbA=
github.com/Clouded-Sabre/rawsocket v0.0.0-20250421150839-3efdbb3b8a44/go.mod h1:0cAz7wGZi4q4ZGJK5vUhzB6jI+IAiimj+qMxWGZObac=
github.com/Clouded-Sabre/rawsocket v0.0.0-20250422012106-91affb90d11d h1:PgZelFZn1Sd9zTeGHHtpIWf7kVEpoj1oCWth9hHdvNY=
github.com/Clouded-Sabre/rawsocket v0.0.0-20250422012106-91affb90d11d/go.mod h1:0cAz7wGZi4q4ZGJK5vUhzB6jI+IAiimj+qMxWGZObac=
github.com/Clouded-Sabre/rawsocket v0.0.0-20250422013342-6a07e56922d1 h1:DWjtwU2HhGlk8SfBkoCGHQ2cmOaM6KT9JO5uL4W61gQ=
github.com/Clouded-Sabre/rawsocket v0.0.0-20250422013342-6a07e56922d1/go.mod h1:0cAz7wGZi4q4ZGJK5vUhzB6jI+IAiimj+qMxWGZObac=
github.com/Clouded-Sabre/ringpool v0.0.0-20240714075617-d50807410f3f h1:sHzGoaqIi19h8MIzDr9lMgiFcmk3XIXxo8YBKBedW+A=
github.com/Clouded-Sabre/ringpool v0.0.0-20240714075617-d50807410f3f/go.mod h1:/78UKfbnsF0Mzdt6uygwmdvDMiiTgouyD91plgQxuFc=
github.com/google/gopacket v1.1.19 h1:ves8RnFZPGiFnTS0uPQStjwru6uO6h+nlr9j6fL7kF8=
github.com/google/gopacket v1.1.19/go.mod h1:iJ8V8n6KS+z2U1A8pUwu8bW5SyEMkXJB8Yo/Vo+TKTo=
github.com/imgk/divert-go v0.0.0-20220205193416-faaa83c2c10a h1:wkU8llyuZtm80Ak6f7/QAmCq/LSwF8IOzMCRRGhb3Fk=
github.com/imgk/divert-go v0.0.0-20220205193416-faaa83c2c10a/go.mod h1:8j670dnMAWuHP3AHj7Zd8b4HhGw4mdTo8aYhCWNsAeU=
github.com/moriyoshi/routewrapper v0.0.0-20180228100351-e52d8d14cf39 h1:diqTAr+wSpYUQHsyj80KOYO+TUf9RqjnKsARAsDDxaE=
github.com/moriyoshi/routewrapper v0.0.0-20180228100351-e52d8d14cf39/go.mod h1:58NWw+g5pMuFB1BxO0ZVEQRDC09iqiiI5JHBGtl5Jyk=
golang.org/x/crypto v0.0.0-20190308221718-c2843e01d9a2/go.mod h1:djNgcEr1/C05ACkg1iLfiJU5Ep61QUkGW8qpdssI0+w=
golang.org/x/crypto v0.0.0-20191011191535-87dc89f01550/go.mod h1:yigFU9vqHzYiE8UmvKecakEJjdnWj3jj499lnFckfCI=
golang.org/x/lint v0.0.0-20200302205851-738671d3881b/go.mod h1:3xt1FjdF8hUf6vQPIChWIBhFzV8gjjsPE/fR3IyQdNY=
golang.org/x/mod v0.1.1-0.20191105210325-c90efee705ee/go.mod h1:QqPTAvyqsEbceGzBzNggFXnrqF1CaUcvgkdR5Ot7KZg=
golang.org/x/net v0.0.0-20190404232315-eb5bcb51f2a3/go.mod h1:t9HGtf8HONx5eT2rtn7q6eTqICYqUVnKs3thJo3Qplg=
golang.org/x/net v0.0.0-20190620200207-3b0461eec859/go.mod h1:z5CRVTTTmAJ677TzLLGU+0bjPO0LkuOLi4/5GtJWs/s=
golang.org/x/net v0.27.0 h1:5K3Njcw06/l2y9vpGCSdcxWOYHOUk3dVNGDXN+FvAys=
golang.org/x/net v0.27.0/go.mod h1:dDi0PyhWNoiUOrAS8uXv/vnScO4wnHQO4mj9fn/RytE=
golang.org/x/sync v0.0.0-20190423024810-112230192c58/go.mod h1:RxMgew5VJxzue5/jJTE5uejpjVlOe/izrB70Jof72aM=
golang.org/x/sys v0.0.0-20190215142949-d0b11bdaac8a/go.mod h1:STP8DvDyc/dI5b8T5hshtkjS+E42TnysNCUPdjciGhY=
golang.org/x/sys v0.0.0-20190412213103-97732733099d/go.mod h1:h1NjWce9XRLGQEsW7wpKNCjG9DtNlClVuFLEZdDNbEs=
golang.org/x/sys v0.30.0 h1:QjkSwP/36a20jFYWkSue1YwXzLmsV5Gfq7Eiy72C1uc=
golang.org/x/sys v0.30.0/go.mod h1:/VUhepiaJMQUp4+oa/7Zr1D23ma6VTLIYjOOTFZPUcA=
golang.org/x/text v0.3.0/go.mod h1:NqM8EUOU14njkJ3fqMW+pc6Ldnwhi/IjpwHt7yyuwOQ=
golang.org/x/tools v0.0.0-20200130002326-2f3ba24bd6e7/go.mod h1:TB2adYChydJhpapKDTa4BR/hXlZSLoq2Wpct/0txZ28=
golang.org/x/xerrors v0.0.0-20191011141410-1b5146add898/go.mod h1:I/5z698sn9Ka8TeJc9MKroUUfqBBauWjQqLJ2OPfmY0=
gopkg.in/check.v1 v0.0.0-20161208181325-20d25e280405 h1:yhCVgyC4o1eVCa2tZl7eS0r+SDo693bJlVdllGtEeKM=
gopkg.in/check.v1 v0.0.0-20161208181325-20d25e280405/go.mod h1:Co6ibVJAznAaIkqp8huTwlJQCZ016jof/cbN4VW5Yz0=
gopkg.in/yaml.v3 v3.0.1 h1:fxVm/GzAzEWqLHuvctI91KS9hhNmmWOoWu0XTYJS7CA=
gopkg.in/yaml.v3 v3.0.1/go.mod h1:K4uyk7z7BCEPqu6E+C64Yfv1cQ7kz7rIZviUmN+EgEM=
